{
  "name": "iotc-integration-azure-function",
  "version": "1.0.1",
  "lockfileVersion": 1,
  "requires": true,
  "dependencies": {
    "@azure/abort-controller": {
      "version": "1.0.1",
      "resolved": "https://pkgs.dev.azure.com/msazure/_packaging/AzureIOTSaas/npm/registry/@azure/abort-controller/-/abort-controller-1.0.1.tgz",
      "integrity": "sha1-hRCTWyWsBR5YkgMA6de1EcpuZWo=",
      "requires": {
        "tslib": "^1.9.3"
      }
    },
    "@azure/core-auth": {
      "version": "1.4.0",
      "resolved": "https://pkgs.dev.azure.com/msazure/_packaging/AzureIOTSaas/npm/registry/@azure/core-auth/-/core-auth-1.4.0.tgz",
      "integrity": "sha1-b6lmHBcFhXgg28IW31ulZlrDap4=",
      "requires": {
        "@azure/abort-controller": "^1.0.0",
        "tslib": "^2.2.0"
      },
      "dependencies": {
        "tslib": {
          "version": "2.5.0",
          "resolved": "https://pkgs.dev.azure.com/msazure/_packaging/AzureIOTSaas/npm/registry/tslib/-/tslib-2.5.0.tgz",
          "integrity": "sha1-Qr/thvV4eutB0DGGbI9AJCng/d8="
        }
      }
    },
    "@azure/core-http": {
      "version": "3.0.1",
      "resolved": "https://pkgs.dev.azure.com/msazure/_packaging/AzureIOTSaas/npm/registry/@azure/core-http/-/core-http-3.0.1.tgz",
      "integrity": "sha1-IXfzq7ZK+oyhAdw09nzHiYiPn3s=",
      "requires": {
        "@azure/abort-controller": "^1.0.0",
        "@azure/core-auth": "^1.3.0",
        "@azure/core-tracing": "1.0.0-preview.13",
        "@azure/core-util": "^1.1.1",
        "@azure/logger": "^1.0.0",
        "@types/node-fetch": "^2.5.0",
        "@types/tunnel": "^0.0.3",
        "form-data": "^4.0.0",
        "node-fetch": "^2.6.7",
        "process": "^0.11.10",
        "tslib": "^2.2.0",
        "tunnel": "^0.0.6",
        "uuid": "^8.3.0",
        "xml2js": "^0.5.0"
      },
      "dependencies": {
        "tslib": {
          "version": "2.5.0",
          "resolved": "https://pkgs.dev.azure.com/msazure/_packaging/AzureIOTSaas/npm/registry/tslib/-/tslib-2.5.0.tgz",
          "integrity": "sha1-Qr/thvV4eutB0DGGbI9AJCng/d8="
        }
      }
    },
    "@azure/core-lro": {
      "version": "2.5.3",
      "resolved": "https://pkgs.dev.azure.com/msazure/_packaging/AzureIOTSaas/npm/registry/@azure/core-lro/-/core-lro-2.5.3.tgz",
      "integrity": "sha1-a7dOdt2EBx0xmr9wJeir/+8JH5E=",
      "requires": {
        "@azure/abort-controller": "^1.0.0",
        "@azure/core-util": "^1.2.0",
        "@azure/logger": "^1.0.0",
        "tslib": "^2.2.0"
      },
      "dependencies": {
        "tslib": {
          "version": "2.5.0",
          "resolved": "https://pkgs.dev.azure.com/msazure/_packaging/AzureIOTSaas/npm/registry/tslib/-/tslib-2.5.0.tgz",
          "integrity": "sha1-Qr/thvV4eutB0DGGbI9AJCng/d8="
        }
      }
    },
    "@azure/core-paging": {
      "version": "1.5.0",
      "resolved": "https://pkgs.dev.azure.com/msazure/_packaging/AzureIOTSaas/npm/registry/@azure/core-paging/-/core-paging-1.5.0.tgz",
      "integrity": "sha1-WlsJNT5jYHLmp/w494eeEdCvsV8=",
      "requires": {
        "tslib": "^2.2.0"
      },
      "dependencies": {
        "tslib": {
          "version": "2.5.0",
          "resolved": "https://pkgs.dev.azure.com/msazure/_packaging/AzureIOTSaas/npm/registry/tslib/-/tslib-2.5.0.tgz",
          "integrity": "sha1-Qr/thvV4eutB0DGGbI9AJCng/d8="
        }
      }
    },
    "@azure/core-tracing": {
      "version": "1.0.0-preview.13",
      "resolved": "https://pkgs.dev.azure.com/msazure/_packaging/AzureIOTSaas/npm/registry/@azure/core-tracing/-/core-tracing-1.0.0-preview.13.tgz",
      "integrity": "sha1-VYg9QK4gQvbx4SsX3QwNNMU21kQ=",
      "requires": {
        "@opentelemetry/api": "^1.0.1",
        "tslib": "^2.2.0"
      },
      "dependencies": {
        "tslib": {
          "version": "2.5.0",
          "resolved": "https://pkgs.dev.azure.com/msazure/_packaging/AzureIOTSaas/npm/registry/tslib/-/tslib-2.5.0.tgz",
          "integrity": "sha1-Qr/thvV4eutB0DGGbI9AJCng/d8="
        }
      }
    },
    "@azure/core-util": {
      "version": "1.3.1",
      "resolved": "https://pkgs.dev.azure.com/msazure/_packaging/AzureIOTSaas/npm/registry/@azure/core-util/-/core-util-1.3.1.tgz",
      "integrity": "sha1-6DC5kjHiCRotye1lL/8c2mm6ZYI=",
      "requires": {
        "@azure/abort-controller": "^1.0.0",
        "tslib": "^2.2.0"
      },
      "dependencies": {
        "tslib": {
          "version": "2.5.0",
          "resolved": "https://pkgs.dev.azure.com/msazure/_packaging/AzureIOTSaas/npm/registry/tslib/-/tslib-2.5.0.tgz",
          "integrity": "sha1-Qr/thvV4eutB0DGGbI9AJCng/d8="
        }
      }
    },
    "@azure/logger": {
      "version": "1.0.4",
      "resolved": "https://pkgs.dev.azure.com/msazure/_packaging/AzureIOTSaas/npm/registry/@azure/logger/-/logger-1.0.4.tgz",
      "integrity": "sha1-KLxtDls8OO8pKWsy012k5INZP6E=",
      "requires": {
        "tslib": "^2.2.0"
      },
      "dependencies": {
        "tslib": {
          "version": "2.5.0",
          "resolved": "https://pkgs.dev.azure.com/msazure/_packaging/AzureIOTSaas/npm/registry/tslib/-/tslib-2.5.0.tgz",
          "integrity": "sha1-Qr/thvV4eutB0DGGbI9AJCng/d8="
        }
      }
    },
    "@azure/storage-blob": {
      "version": "12.14.0",
      "resolved": "https://pkgs.dev.azure.com/msazure/_packaging/AzureIOTSaas/npm/registry/@azure/storage-blob/-/storage-blob-12.14.0.tgz",
      "integrity": "sha1-MtPl+juyoS1dRLGGrtEcjnjwAXg=",
      "requires": {
        "@azure/abort-controller": "^1.0.0",
        "@azure/core-http": "^3.0.0",
        "@azure/core-lro": "^2.2.0",
        "@azure/core-paging": "^1.1.1",
        "@azure/core-tracing": "1.0.0-preview.13",
        "@azure/logger": "^1.0.0",
        "events": "^3.0.0",
        "tslib": "^2.2.0"
      },
      "dependencies": {
        "tslib": {
          "version": "2.5.0",
          "resolved": "https://pkgs.dev.azure.com/msazure/_packaging/AzureIOTSaas/npm/registry/tslib/-/tslib-2.5.0.tgz",
          "integrity": "sha1-Qr/thvV4eutB0DGGbI9AJCng/d8="
        }
      }
    },
    "@opentelemetry/api": {
      "version": "1.4.1",
      "resolved": "https://pkgs.dev.azure.com/msazure/_packaging/AzureIOTSaas/npm/registry/@opentelemetry/api/-/api-1.4.1.tgz",
      "integrity": "sha1-/yLrLl1Hb7wkUKGW5A3SQ8wgwo8="
    },
    "@types/node": {
      "version": "20.0.0",
      "resolved": "https://pkgs.dev.azure.com/msazure/_packaging/AzureIOTSaas/npm/registry/@types/node/-/node-20.0.0.tgz",
      "integrity": "sha1-CB2a/ShCG+lWwaR87RyaADS0Z+I="
    },
    "@types/node-fetch": {
      "version": "2.6.3",
      "resolved": "https://pkgs.dev.azure.com/msazure/_packaging/AzureIOTSaas/npm/registry/@types/node-fetch/-/node-fetch-2.6.3.tgz",
      "integrity": "sha1-F12Xf14k2TrQ9XYCaTxDXFetfoA=",
      "requires": {
        "@types/node": "*",
        "form-data": "^3.0.0"
      },
      "dependencies": {
        "form-data": {
          "version": "3.0.1",
          "resolved": "https://pkgs.dev.azure.com/msazure/_packaging/AzureIOTSaas/npm/registry/form-data/-/form-data-3.0.1.tgz",
          "integrity": "sha1-69U3kbeDVqma+aMA1CgsTV65dV8=",
          "requires": {
            "asynckit": "^0.4.0",
            "combined-stream": "^1.0.8",
            "mime-types": "^2.1.12"
          }
        }
      }
    },
    "@types/tunnel": {
      "version": "0.0.3",
      "resolved": "https://pkgs.dev.azure.com/msazure/_packaging/AzureIOTSaas/npm/registry/@types/tunnel/-/tunnel-0.0.3.tgz",
      "integrity": "sha1-8QnnMLBysxNjR1YfxVjJNYu4xuk=",
      "requires": {
        "@types/node": "*"
      }
    },
    "async": {
      "version": "3.2.4",
      "resolved": "https://pkgs.dev.azure.com/msazure/_packaging/AzureIOTSaas/npm/registry/async/-/async-3.2.4.tgz",
      "integrity": "sha1-LSLgD4zd61/eXdM1IrVtHPVpqBw="
    },
    "asynckit": {
      "version": "0.4.0",
      "resolved": "https://pkgs.dev.azure.com/msazure/_packaging/AzureIOTSaas/npm/registry/asynckit/-/asynckit-0.4.0.tgz",
      "integrity": "sha1-x57Zf380y48robyXkLzDZkdLS3k="
    },
    "azure-iot-common": {
      "version": "1.13.2",
      "resolved": "https://pkgs.dev.azure.com/msazure/_packaging/AzureIOTSaas/npm/registry/azure-iot-common/-/azure-iot-common-1.13.2.tgz",
      "integrity": "sha1-5geLD3oNMW1JdPB6N5QxA/Znujs=",
      "requires": {
        "async": "^3.2.3",
        "debug": "^4.3.1",
        "getos": "^3.2.1"
      }
    },
    "azure-iot-device": {
      "version": "1.18.2",
      "resolved": "https://pkgs.dev.azure.com/msazure/_packaging/AzureIOTSaas/npm/registry/azure-iot-device/-/azure-iot-device-1.18.2.tgz",
      "integrity": "sha1-sTcOoZ7JSIhG02FYXsyNYrMgp4s=",
      "requires": {
        "@azure/abort-controller": "1.0.1",
        "@azure/storage-blob": "^12.8.0",
        "async": "^3.2.3",
        "azure-iot-common": "1.13.2",
        "azure-iot-http-base": "1.12.2",
        "debug": "^4.3.1",
        "lodash": "^4.17.21",
        "machina": "^4.0.2",
        "traverse": "^0.6.6"
      }
    },
    "azure-iot-device-http": {
      "version": "1.14.2",
      "resolved": "https://pkgs.dev.azure.com/msazure/_packaging/AzureIOTSaas/npm/registry/azure-iot-device-http/-/azure-iot-device-http-1.14.2.tgz",
      "integrity": "sha1-b3+X+amZWj8/O7rZBsnElamVb3c=",
      "requires": {
        "async": "^3.2.3",
        "azure-iot-common": "1.13.2",
        "azure-iot-device": "1.18.2",
        "azure-iot-http-base": "1.12.2",
        "debug": "^4.3.1",
        "node-crontab": "^0.0.8"
      }
    },
    "azure-iot-http-base": {
      "version": "1.12.2",
      "resolved": "https://pkgs.dev.azure.com/msazure/_packaging/AzureIOTSaas/npm/registry/azure-iot-http-base/-/azure-iot-http-base-1.12.2.tgz",
      "integrity": "sha1-9REjmaAYCFmJzsSqduq44MzduNo=",
      "requires": {
        "@azure/core-auth": "^1.4.0",
        "async": "^3.2.3",
        "azure-iot-common": "1.13.2",
        "debug": "^4.3.1",
        "es5-ext": "0.10.53",
        "uuid": "^8.3.2"
      }
    },
    "combined-stream": {
      "version": "1.0.8",
      "resolved": "https://pkgs.dev.azure.com/msazure/_packaging/AzureIOTSaas/npm/registry/combined-stream/-/combined-stream-1.0.8.tgz",
      "integrity": "sha1-w9RaizT9cwYxoRCoolIGgrMdWn8=",
      "requires": {
        "delayed-stream": "~1.0.0"
      }
    },
    "cron-parser": {
      "version": "0.3.6",
      "resolved": "https://pkgs.dev.azure.com/msazure/_packaging/AzureIOTSaas/npm/registry/cron-parser/-/cron-parser-0.3.6.tgz",
      "integrity": "sha1-Hkc069X6BU9XZmk8UkaLF9+Wgck="
    },
    "d": {
      "version": "1.0.1",
      "resolved": "https://pkgs.dev.azure.com/msazure/_packaging/AzureIOTSaas/npm/registry/d/-/d-1.0.1.tgz",
      "integrity": "sha1-hpgJU3LVjb7jRv/Qxwk/mfj561o=",
      "requires": {
        "es5-ext": "^0.10.50",
        "type": "^1.0.1"
      }
    },
    "debug": {
      "version": "4.3.4",
      "resolved": "https://pkgs.dev.azure.com/msazure/_packaging/AzureIOTSaas/npm/registry/debug/-/debug-4.3.4.tgz",
      "integrity": "sha1-Exn2V5NX8jONMzfSzdSRS7XcyGU=",
      "requires": {
        "ms": "2.1.2"
      }
    },
    "delayed-stream": {
      "version": "1.0.0",
      "resolved": "https://pkgs.dev.azure.com/msazure/_packaging/AzureIOTSaas/npm/registry/delayed-stream/-/delayed-stream-1.0.0.tgz",
      "integrity": "sha1-3zrhmayt+31ECqrgsp4icrJOxhk="
    },
    "es5-ext": {
      "version": "0.10.53",
      "resolved": "https://pkgs.dev.azure.com/msazure/_packaging/AzureIOTSaas/npm/registry/es5-ext/-/es5-ext-0.10.53.tgz",
      "integrity": "sha1-k8WjrP2+8nUiCtcmRK0C7hg2jeE=",
      "requires": {
        "es6-iterator": "~2.0.3",
        "es6-symbol": "~3.1.3",
        "next-tick": "~1.0.0"
      }
    },
    "es6-iterator": {
      "version": "2.0.3",
      "resolved": "https://pkgs.dev.azure.com/msazure/_packaging/AzureIOTSaas/npm/registry/es6-iterator/-/es6-iterator-2.0.3.tgz",
      "integrity": "sha1-p96IkUGgWpSwhUQDstCg+/qY87c=",
      "requires": {
        "d": "1",
        "es5-ext": "^0.10.35",
        "es6-symbol": "^3.1.1"
      }
    },
    "es6-symbol": {
      "version": "3.1.3",
      "resolved": "https://pkgs.dev.azure.com/msazure/_packaging/AzureIOTSaas/npm/registry/es6-symbol/-/es6-symbol-3.1.3.tgz",
      "integrity": "sha1-utXTwbzawoJp9MszHkMceKxwXRg=",
      "requires": {
        "d": "^1.0.1",
        "ext": "^1.1.2"
      }
    },
    "events": {
      "version": "3.3.0",
      "resolved": "https://pkgs.dev.azure.com/msazure/_packaging/AzureIOTSaas/npm/registry/events/-/events-3.3.0.tgz",
      "integrity": "sha1-Mala0Kkk4tLEGagTrrLE6HjqdAA="
    },
    "ext": {
      "version": "1.7.0",
      "resolved": "https://pkgs.dev.azure.com/msazure/_packaging/AzureIOTSaas/npm/registry/ext/-/ext-1.7.0.tgz",
      "integrity": "sha1-DqQ4PAED1g5wvpnpp/EQJ6M8T18=",
      "requires": {
        "type": "^2.7.2"
      },
      "dependencies": {
        "type": {
          "version": "2.7.2",
          "resolved": "https://pkgs.dev.azure.com/msazure/_packaging/AzureIOTSaas/npm/registry/type/-/type-2.7.2.tgz",
          "integrity": "sha1-I3ahWjoose+g9TUNz3LSTfbvmNA="
        }
      }
    },
    "form-data": {
      "version": "4.0.0",
      "resolved": "https://pkgs.dev.azure.com/msazure/_packaging/AzureIOTSaas/npm/registry/form-data/-/form-data-4.0.0.tgz",
      "integrity": "sha1-k5Gdrq82HuUpWEubMWZNwSyfpFI=",
      "requires": {
        "asynckit": "^0.4.0",
        "combined-stream": "^1.0.8",
        "mime-types": "^2.1.12"
      }
    },
    "getos": {
      "version": "3.2.1",
      "resolved": "https://pkgs.dev.azure.com/msazure/_packaging/AzureIOTSaas/npm/registry/getos/-/getos-3.2.1.tgz",
      "integrity": "sha1-ATTR9OAOtGFExanArE3Ah8uyfcU=",
      "requires": {
        "async": "^3.2.0"
      }
    },
    "lodash": {
      "version": "4.17.21",
      "resolved": "https://pkgs.dev.azure.com/msazure/_packaging/AzureIOTSaas/npm/registry/lodash/-/lodash-4.17.21.tgz",
      "integrity": "sha1-Z5WRxWTDv/quhFTPCz3zcMPWkRw="
    },
    "machina": {
      "version": "4.0.2",
      "resolved": "https://pkgs.dev.azure.com/msazure/_packaging/AzureIOTSaas/npm/registry/machina/-/machina-4.0.2.tgz",
      "integrity": "sha1-e6E+oxf6/FxkzedTN/rRaOGsOTc=",
      "requires": {
        "lodash": "^4.17.5"
      }
    },
    "mime-db": {
      "version": "1.52.0",
      "resolved": "https://pkgs.dev.azure.com/msazure/_packaging/AzureIOTSaas/npm/registry/mime-db/-/mime-db-1.52.0.tgz",
      "integrity": "sha1-u6vNwChZ9JhzAchW4zh85exDv3A="
    },
    "mime-types": {
      "version": "2.1.35",
      "resolved": "https://pkgs.dev.azure.com/msazure/_packaging/AzureIOTSaas/npm/registry/mime-types/-/mime-types-2.1.35.tgz",
      "integrity": "sha1-OBqHG2KnNEUGYK497uRIE/cNlZo=",
      "requires": {
        "mime-db": "1.52.0"
      }
    },
    "ms": {
      "version": "2.1.2",
      "resolved": "https://pkgs.dev.azure.com/msazure/_packaging/AzureIOTSaas/npm/registry/ms/-/ms-2.1.2.tgz",
      "integrity": "sha1-0J0fNXtEP0kzgqjrPM0YOHKuYAk="
    },
    "next-tick": {
      "version": "1.0.0",
      "resolved": "https://pkgs.dev.azure.com/msazure/_packaging/AzureIOTSaas/npm/registry/next-tick/-/next-tick-1.0.0.tgz",
      "integrity": "sha1-yobR/ogoFpsBICCOPchCS524NCw="
    },
    "node-crontab": {
      "version": "0.0.8",
      "resolved": "https://pkgs.dev.azure.com/msazure/_packaging/AzureIOTSaas/npm/registry/node-crontab/-/node-crontab-0.0.8.tgz",
      "integrity": "sha1-LbFiFBk4PQduzpCDvBhKTp6z7A8=",
      "requires": {
        "cron-parser": "~0.3.3"
      }
    },
    "node-fetch": {
      "version": "2.6.9",
      "resolved": "https://pkgs.dev.azure.com/msazure/_packaging/AzureIOTSaas/npm/registry/node-fetch/-/node-fetch-2.6.9.tgz",
      "integrity": "sha1-fH90S1zG61/UBODHqf7GMKVWV+Y=",
      "requires": {
        "whatwg-url": "^5.0.0"
      }
    },
    "process": {
      "version": "0.11.10",
      "resolved": "https://pkgs.dev.azure.com/msazure/_packaging/AzureIOTSaas/npm/registry/process/-/process-0.11.10.tgz",
      "integrity": "sha1-czIwDoQBYb2j5podHZGn1LwW8YI="
    },
    "sax": {
      "version": "1.2.4",
      "resolved": "https://pkgs.dev.azure.com/msazure/_packaging/AzureIOTSaas/npm/registry/sax/-/sax-1.2.4.tgz",
      "integrity": "sha1-KBYjTiN4vdxOU1T6tcqold9xANk="
    },
    "tr46": {
      "version": "0.0.3",
      "resolved": "https://pkgs.dev.azure.com/msazure/_packaging/AzureIOTSaas/npm/registry/tr46/-/tr46-0.0.3.tgz",
      "integrity": "sha1-gYT9NH2snNwYWZLzpmIuFLnZq2o="
    },
    "traverse": {
      "version": "0.6.7",
      "resolved": "https://pkgs.dev.azure.com/msazure/_packaging/AzureIOTSaas/npm/registry/traverse/-/traverse-0.6.7.tgz",
      "integrity": "sha1-RpYc0tV92HBsNmZKzeBqJI8Rc/4="
    },
    "tslib": {
      "version": "1.14.1",
      "resolved": "https://pkgs.dev.azure.com/msazure/_packaging/AzureIOTSaas/npm/registry/tslib/-/tslib-1.14.1.tgz",
      "integrity": "sha1-zy04vcNKE0vK8QkcQfZhni9nLQA="
    },
    "tunnel": {
      "version": "0.0.6",
      "resolved": "https://pkgs.dev.azure.com/msazure/_packaging/AzureIOTSaas/npm/registry/tunnel/-/tunnel-0.0.6.tgz",
      "integrity": "sha1-cvExSzSlsZLbASMk3yzFh8pH+Sw="
    },
    "type": {
      "version": "1.2.0",
      "resolved": "https://pkgs.dev.azure.com/msazure/_packaging/AzureIOTSaas/npm/registry/type/-/type-1.2.0.tgz",
      "integrity": "sha1-hI3XaY2vo+VKbEeedZxLw/GIR6A="
    },
    "uuid": {
      "version": "8.3.2",
      "resolved": "https://pkgs.dev.azure.com/msazure/_packaging/AzureIOTSaas/npm/registry/uuid/-/uuid-8.3.2.tgz",
      "integrity": "sha1-gNW1ztJxu5r2xEXyGhoExgbO++I="
    },
    "webidl-conversions": {
      "version": "3.0.1",
      "resolved": "https://pkgs.dev.azure.com/msazure/_packaging/AzureIOTSaas/npm/registry/webidl-conversions/-/webidl-conversions-3.0.1.tgz",
      "integrity": "sha1-JFNCdeKnvGvnvIZhHMFq4KVlSHE="
    },
    "whatwg-url": {
      "version": "5.0.0",
      "resolved": "https://pkgs.dev.azure.com/msazure/_packaging/AzureIOTSaas/npm/registry/whatwg-url/-/whatwg-url-5.0.0.tgz",
      "integrity": "sha1-lmRU6HZUYuN2RNNib2dCzotwll0=",
      "requires": {
        "tr46": "~0.0.3",
        "webidl-conversions": "^3.0.0"
      }
    },
    "xml2js": {
      "version": "0.5.0",
      "resolved": "https://pkgs.dev.azure.com/msazure/_packaging/AzureIOTSaas/npm/registry/xml2js/-/xml2js-0.5.0.tgz",
      "integrity": "sha1-2UQGMfuy7YACA/rRBvJyT2LEk7c=",
      "requires": {
        "sax": ">=0.6.0",
        "xmlbuilder": "~11.0.0"
      }
    },
    "xmlbuilder": {
      "version": "11.0.1",
      "resolved": "https://pkgs.dev.azure.com/msazure/_packaging/AzureIOTSaas/npm/registry/xmlbuilder/-/xmlbuilder-11.0.1.tgz",
      "integrity": "sha1-vpuuHIoEbnazESdyY0fQrXACvrM="
    }
  }
}
